lockfileVersion: '9.0'

settings:
  autoInstallPeers: true
  excludeLinksFromLockfile: false

importers:

  .:
    dependencies:
      '@spencerwmiles/tailwind-font-variations':
        specifier: ^0.0.3
        version: 0.0.3(tailwindcss@4.1.7)
      material-symbols:
        specifier: ^0.31.7
        version: 0.31.7
      tailwindcss:
        specifier: ^4.0.0
        version: 4.1.7

packages:

  '@spencerwmiles/tailwind-font-variations@0.0.3':
    resolution: {integrity: sha512-YYd0HC8vV+XoygM+bjnjbjy5Yx1yvMq9Rbl9ARB9a85CxaiBZPN1XKn2+JbtWIQjMSqagNL6pnAmIPFuBNALmQ==}
    peerDependencies:
      tailwindcss: ^4.0.0

  material-symbols@0.31.7:
    resolution: {integrity: sha512-m7qSflvzsk9mI27G1b6LBvgn0vb3g75DA7nFFgGgAk+BFIIsaJARi/Wr0Ju6kPmeGSiFbXGnFBjKyST+Qz+iUg==}

  tailwindcss@4.1.7:
    resolution: {integrity: sha512-kr1o/ErIdNhTz8uzAYL7TpaUuzKIE6QPQ4qmSdxnoX/lo+5wmUHQA6h3L5yIqEImSRnAAURDirLu/BgiXGPAhg==}

snapshots:

  '@spencerwmiles/tailwind-font-variations@0.0.3(tailwindcss@4.1.7)':
    dependencies:
      tailwindcss: 4.1.7

  material-symbols@0.31.7: {}

  tailwindcss@4.1.7: {}
