lockfileVersion: '9.0'

settings:
  autoInstallPeers: true
  excludeLinksFromLockfile: false

importers:

  .:
    dependencies:
      '@spencerwmiles/tailwind-font-variations':
        specifier: file:../tailwind-font-variations
        version: file:../tailwind-font-variations(tailwindcss@4.1.7)
      material-symbols:
        specifier: ^0.31.3
        version: 0.31.3
      tailwindcss:
        specifier: ^4.0.0
        version: 4.1.7

packages:

  '@spencerwmiles/tailwind-font-variations@file:../tailwind-font-variations':
    resolution: {directory: ../tailwind-font-variations, type: directory}
    peerDependencies:
      tailwindcss: ^4.0.0

  material-symbols@0.31.3:
    resolution: {integrity: sha512-4mpGvxNUd5KtIS79xY51SGNc73pjGE70me36DrEHv6PiGO0UahX9/1zhMFd3tsSEO5KgKI80JYIPD4dTYg2y0A==}

  tailwindcss@4.1.7:
    resolution: {integrity: sha512-kr1o/ErIdNhTz8uzAYL7TpaUuzKIE6QPQ4qmSdxnoX/lo+5wmUHQA6h3L5yIqEImSRnAAURDirLu/BgiXGPAhg==}

snapshots:

  '@spencerwmiles/tailwind-font-variations@file:../tailwind-font-variations(tailwindcss@4.1.7)':
    dependencies:
      tailwindcss: 4.1.7

  material-symbols@0.31.3: {}

  tailwindcss@4.1.7: {}
